# THIS IS AN AUTOGENERATED FILE. DO NOT EDIT THIS FILE DIRECTLY.
# yarn lockfile v1


ansi-regex@^5.0.1:
  version "5.0.1"
  resolved "https://registry.yarnpkg.com/ansi-regex/-/ansi-regex-5.0.1.tgz#082cb2c89c9fe8659a311a53bd6a4dc5301db304"
  integrity sha512-quJQXlTSUGL2LH9SUXo8VwsY4soanhgo6LNSm84E1LBcE8s3O0wpdiRzyR9z/ZZJMlMWv37qOOb9pdJlMUEKFQ==

argue-cli@^2.1.0:
  version "2.1.0"
  resolved "https://registry.yarnpkg.com/argue-cli/-/argue-cli-2.1.0.tgz#e05b54cb913a80e2e29440611023ac9357f0e4de"
  integrity sha512-dgojXfc4SiqmNwe38PnbT3zJasrz7g62dLAPD+VFT5RJb8W7LGRqw2IFd2ES+plnhsp4HYNJmFqMU1tCThdCww==

browserslist-useragent-regexp@^4.1.1:
  version "4.1.1"
  resolved "https://registry.yarnpkg.com/browserslist-useragent-regexp/-/browserslist-useragent-regexp-4.1.1.tgz#94667ab30ffc8366cbc3758ce30ad0666efc376b"
  integrity sha512-/OBUauhHZ6YmB1cBmXK7Qbkj3kgdxympkERsyNkCfTAJUCt/5acZ6ANmjBZeaUmE0qjl8uGpkOXdyMe9Q7lijA==
  dependencies:
    argue-cli "^2.1.0"
    easy-table "^1.2.0"
    picocolors "^1.0.0"
    regexp-tree "^0.1.24"
    ua-regexes-lite "^1.2.1"

browserslist@^4.23.0:
  version "4.23.0"
  resolved "https://registry.yarnpkg.com/browserslist/-/browserslist-4.23.0.tgz#8f3acc2bbe73af7213399430890f86c63a5674ab"
  integrity sha512-QW8HiM1shhT2GuzkvklfjcKDiWFXHOeFCIA/huJPwHsslwcydgk7X+z2zXpEijP98UCY7HbubZt5J2Zgvf0CaQ==
  dependencies:
    caniuse-lite "^1.0.30001587"
    electron-to-chromium "^1.4.668"
    node-releases "^2.0.14"
    update-browserslist-db "^1.0.13"

caniuse-lite@^1.0.30001587:
  version "1.0.30001591"
  resolved "https://registry.yarnpkg.com/caniuse-lite/-/caniuse-lite-1.0.30001591.tgz#16745e50263edc9f395895a7cd468b9f3767cf33"
  integrity sha512-PCzRMei/vXjJyL5mJtzNiUCKP59dm8Apqc3PH8gJkMnMXZGox93RbE76jHsmLwmIo6/3nsYIpJtx0O7u5PqFuQ==

clone@^1.0.2:
  version "1.0.4"
  resolved "https://registry.yarnpkg.com/clone/-/clone-1.0.4.tgz#da309cc263df15994c688ca902179ca3c7cd7c7e"
  integrity sha512-JQHZ2QMW6l3aH/j6xCqQThY/9OH4D/9ls34cgkUBiEeocRTU04tHfKPBsUK1PqZCUQM7GiA0IIXJSuXHI64Kbg==

defaults@^1.0.3:
  version "1.0.4"
  resolved "https://registry.yarnpkg.com/defaults/-/defaults-1.0.4.tgz#b0b02062c1e2aa62ff5d9528f0f98baa90978d7a"
  integrity sha512-eFuaLoy/Rxalv2kr+lqMlUnrDWV+3j4pljOIJgLIhI058IQfWJ7vXhyEIHu+HtC738klGALYxOKDO0bQP3tg8A==
  dependencies:
    clone "^1.0.2"

easy-table@^1.2.0:
  version "1.2.0"
  resolved "https://registry.yarnpkg.com/easy-table/-/easy-table-1.2.0.tgz#ba9225d7138fee307bfd4f0b5bc3c04bdc7c54eb"
  integrity sha512-OFzVOv03YpvtcWGe5AayU5G2hgybsg3iqA6drU8UaoZyB9jLGMTrz9+asnLp/E+6qPh88yEI1gvyZFZ41dmgww==
  dependencies:
    ansi-regex "^5.0.1"
  optionalDependencies:
    wcwidth "^1.0.1"

electron-to-chromium@^1.4.668:
  version "1.4.690"
  resolved "https://registry.yarnpkg.com/electron-to-chromium/-/electron-to-chromium-1.4.690.tgz#dd5145d45c49c08a9a6f7454127e660bdf9a3fa7"
  integrity sha512-+2OAGjUx68xElQhydpcbqH50hE8Vs2K6TkAeLhICYfndb67CVH0UsZaijmRUE3rHlIxU1u0jxwhgVe6fK3YANA==

escalade@^3.1.1:
  version "3.1.2"
  resolved "https://registry.yarnpkg.com/escalade/-/escalade-3.1.2.tgz#54076e9ab29ea5bf3d8f1ed62acffbb88272df27"
  integrity sha512-ErCHMCae19vR8vQGe50xIsVomy19rg6gFu3+r3jkEO46suLMWBksvVyoGgQV+jOfl84ZSOSlmv6Gxa89PmTGmA==

node-releases@^2.0.14:
  version "2.0.14"
  resolved "https://registry.yarnpkg.com/node-releases/-/node-releases-2.0.14.tgz#2ffb053bceb8b2be8495ece1ab6ce600c4461b0b"
  integrity sha512-y10wOWt8yZpqXmOgRo77WaHEmhYQYGNA6y421PKsKYWEK8aW+cqAphborZDhqfyKrbZEN92CN1X2KbafY2s7Yw==

picocolors@^1.0.0:
  version "1.0.0"
  resolved "https://registry.yarnpkg.com/picocolors/-/picocolors-1.0.0.tgz#cb5bdc74ff3f51892236eaf79d68bc44564ab81c"
  integrity sha512-1fygroTLlHu66zi26VoTDv8yRgm0Fccecssto+MhsZ0D/DGW2sm8E8AjW7NU5VVTRt5GxbeZ5qBuJr+HyLYkjQ==

regexp-tree@^0.1.24:
  version "0.1.27"
  resolved "https://registry.yarnpkg.com/regexp-tree/-/regexp-tree-0.1.27.tgz#2198f0ef54518ffa743fe74d983b56ffd631b6cd"
  integrity sha512-iETxpjK6YoRWJG5o6hXLwvjYAoW+FEZn9os0PD/b6AP6xQwsa/Y7lCVgIixBbUPMfhu+i2LtdeAqVTgGlQarfA==

ua-regexes-lite@^1.2.1:
  version "1.2.1"
  resolved "https://registry.yarnpkg.com/ua-regexes-lite/-/ua-regexes-lite-1.2.1.tgz#4ffa818855fb343cb68675f882a6b257f232deab"
  integrity sha512-ling4WX4ZtxXjmSMHzuI8PGos2brw/6gG3YuVWn5RunHoQjeCokpFeMe/ti+R8E7kOTLE2FqBG4bMdFQLFwcJQ==

update-browserslist-db@^1.0.13:
  version "1.0.13"
  resolved "https://registry.yarnpkg.com/update-browserslist-db/-/update-browserslist-db-1.0.13.tgz#3c5e4f5c083661bd38ef64b6328c26ed6c8248c4"
  integrity sha512-xebP81SNcPuNpPP3uzeW1NYXxI3rxyJzF3pD6sH4jE7o/IX+WtSpwnVU+qIsDPyk0d3hmFQ7mjqc6AtV604hbg==
  dependencies:
    escalade "^3.1.1"
    picocolors "^1.0.0"

wcwidth@^1.0.1:
  version "1.0.1"
  resolved "https://registry.yarnpkg.com/wcwidth/-/wcwidth-1.0.1.tgz#f0b0dcf915bc5ff1528afadb2c0e17b532da2fe8"
  integrity sha512-XHPEwS0q6TaxcvG85+8EYkbiCux2XtWG2mkc47Ng2A77BQu9+DqIOJldST4HgPkuea7dvKSj5VgX3P1d4rW8Tg==
  dependencies:
    defaults "^1.0.3"
